
Microsoft Visual Studio Solution File, Format Version 12.00
# Visual Studio Version 17
VisualStudioVersion = 17.5.002.0
MinimumVisualStudioVersion = 10.0.40219.1
Project("{9A19103F-16F7-4668-BE54-9A1E7A4F7556}") = "validate_string_input", "validate_string_input.csproj", "{4BCB0B67-4B15-47E7-A9AA-DD0CA7BAA7CF}"
EndProject
Global
	GlobalSection(SolutionConfigurationPlatforms) = preSolution
		Debug|Any CPU = Debug|Any CPU
		Release|Any CPU = Release|Any CPU
	EndGlobalSection
	GlobalSection(ProjectConfigurationPlatforms) = postSolution
		{4BCB0B67-4B15-47E7-A9AA-DD0CA7BAA7CF}.Debug|Any CPU.ActiveCfg = Debug|Any CPU
		{4BCB0B67-4B15-47E7-A9AA-DD0CA7BAA7CF}.Debug|Any CPU.Build.0 = Debug|Any CPU
		{4BCB0B67-4B15-47E7-A9AA-DD0CA7BAA7CF}.Release|Any CPU.ActiveCfg = Release|Any CPU
		{4BCB0B67-4B15-47E7-A9AA-DD0CA7BAA7CF}.Release|Any CPU.Build.0 = Release|Any CPU
	EndGlobalSection
	GlobalSection(SolutionProperties) = preSolution
		HideSolutionNode = FALSE
	EndGlobalSection
	GlobalSection(ExtensibilityGlobals) = postSolution
		SolutionGuid = {9B8F6FD7-7A2B-4143-81C1-2DAE0129E849}
	EndGlobalSection
EndGlobal
