
Microsoft Visual Studio Solution File, Format Version 12.00
# Visual Studio Version 17
VisualStudioVersion = 17.5.002.0
MinimumVisualStudioVersion = 10.0.40219.1
Project("{9A19103F-16F7-4668-BE54-9A1E7A4F7556}") = "Final", "Final\Final.csproj", "{B1A89262-64E1-4EC1-8010-0BAB1B2F83EC}"
EndProject
Project("{9A19103F-16F7-4668-BE54-9A1E7A4F7556}") = "Starter", "Starter\Starter.csproj", "{549D0D01-AD35-4ED3-8A5C-3C7CC497E115}"
EndProject
Global
	GlobalSection(SolutionConfigurationPlatforms) = preSolution
		Debug|Any CPU = Debug|Any CPU
		Release|Any CPU = Release|Any CPU
	EndGlobalSection
	GlobalSection(ProjectConfigurationPlatforms) = postSolution
		{B1A89262-64E1-4EC1-8010-0BAB1B2F83EC}.Debug|Any CPU.ActiveCfg = Debug|Any CPU
		{B1A89262-64E1-4EC1-8010-0BAB1B2F83EC}.Debug|Any CPU.Build.0 = Debug|Any CPU
		{B1A89262-64E1-4EC1-8010-0BAB1B2F83EC}.Release|Any CPU.ActiveCfg = Release|Any CPU
		{B1A89262-64E1-4EC1-8010-0BAB1B2F83EC}.Release|Any CPU.Build.0 = Release|Any CPU
		{549D0D01-AD35-4ED3-8A5C-3C7CC497E115}.Debug|Any CPU.ActiveCfg = Debug|Any CPU
		{549D0D01-AD35-4ED3-8A5C-3C7CC497E115}.Debug|Any CPU.Build.0 = Debug|Any CPU
		{549D0D01-AD35-4ED3-8A5C-3C7CC497E115}.Release|Any CPU.ActiveCfg = Release|Any CPU
		{549D0D01-AD35-4ED3-8A5C-3C7CC497E115}.Release|Any CPU.Build.0 = Release|Any CPU
	EndGlobalSection
	GlobalSection(SolutionProperties) = preSolution
		HideSolutionNode = FALSE
	EndGlobalSection
	GlobalSection(ExtensibilityGlobals) = postSolution
		SolutionGuid = {A89F20CC-F856-42D1-8753-25F3727333B9}
	EndGlobalSection
EndGlobal
