
Microsoft Visual Studio Solution File, Format Version 12.00
# Visual Studio Version 17
VisualStudioVersion = 17.5.002.0
MinimumVisualStudioVersion = 10.0.40219.1
Project("{9A19103F-16F7-4668-BE54-9A1E7A4F7556}") = "methods_rsvp_app", "methods_rsvp_app.csproj", "{AC70121B-14AC-4E88-AF15-75F798703CE5}"
EndProject
Global
	GlobalSection(SolutionConfigurationPlatforms) = preSolution
		Debug|Any CPU = Debug|Any CPU
		Release|Any CPU = Release|Any CPU
	EndGlobalSection
	GlobalSection(ProjectConfigurationPlatforms) = postSolution
		{AC70121B-14AC-4E88-AF15-75F798703CE5}.Debug|Any CPU.ActiveCfg = Debug|Any CPU
		{AC70121B-14AC-4E88-AF15-75F798703CE5}.Debug|Any CPU.Build.0 = Debug|Any CPU
		{AC70121B-14AC-4E88-AF15-75F798703CE5}.Release|Any CPU.ActiveCfg = Release|Any CPU
		{AC70121B-14AC-4E88-AF15-75F798703CE5}.Release|Any CPU.Build.0 = Release|Any CPU
	EndGlobalSection
	GlobalSection(SolutionProperties) = preSolution
		HideSolutionNode = FALSE
	EndGlobalSection
	GlobalSection(ExtensibilityGlobals) = postSolution
		SolutionGuid = {B7386C21-FF34-4FD8-A2EE-5D5EA818B553}
	EndGlobalSection
EndGlobal
