
Microsoft Visual Studio Solution File, Format Version 12.00
# Visual Studio Version 17
VisualStudioVersion = 17.5.002.0
MinimumVisualStudioVersion = 10.0.40219.1
Project("{9A19103F-16F7-4668-BE54-9A1E7A4F7556}") = "c_sharp_boolean", "c_sharp_boolean.csproj", "{D2392775-6E82-4E06-B0D5-6834546C7A27}"
EndProject
Global
	GlobalSection(SolutionConfigurationPlatforms) = preSolution
		Debug|Any CPU = Debug|Any CPU
		Release|Any CPU = Release|Any CPU
	EndGlobalSection
	GlobalSection(ProjectConfigurationPlatforms) = postSolution
		{D2392775-6E82-4E06-B0D5-6834546C7A27}.Debug|Any CPU.ActiveCfg = Debug|Any CPU
		{D2392775-6E82-4E06-B0D5-6834546C7A27}.Debug|Any CPU.Build.0 = Debug|Any CPU
		{D2392775-6E82-4E06-B0D5-6834546C7A27}.Release|Any CPU.ActiveCfg = Release|Any CPU
		{D2392775-6E82-4E06-B0D5-6834546C7A27}.Release|Any CPU.Build.0 = Release|Any CPU
	EndGlobalSection
	GlobalSection(SolutionProperties) = preSolution
		HideSolutionNode = FALSE
	EndGlobalSection
	GlobalSection(ExtensibilityGlobals) = postSolution
		SolutionGuid = {41D1DAE5-3001-4D61-ACDF-BF1D8412C434}
	EndGlobalSection
EndGlobal
