
Microsoft Visual Studio Solution File, Format Version 12.00
# Visual Studio Version 17
VisualStudioVersion = 17.5.002.0
MinimumVisualStudioVersion = 10.0.40219.1
Project("{9A19103F-16F7-4668-BE54-9A1E7A4F7556}") = "challenge_method_email_display", "challenge_method_email_display.csproj", "{A1766433-D255-420E-932A-972108A52FF4}"
EndProject
Global
	GlobalSection(SolutionConfigurationPlatforms) = preSolution
		Debug|Any CPU = Debug|Any CPU
		Release|Any CPU = Release|Any CPU
	EndGlobalSection
	GlobalSection(ProjectConfigurationPlatforms) = postSolution
		{A1766433-D255-420E-932A-972108A52FF4}.Debug|Any CPU.ActiveCfg = Debug|Any CPU
		{A1766433-D255-420E-932A-972108A52FF4}.Debug|Any CPU.Build.0 = Debug|Any CPU
		{A1766433-D255-420E-932A-972108A52FF4}.Release|Any CPU.ActiveCfg = Release|Any CPU
		{A1766433-D255-420E-932A-972108A52FF4}.Release|Any CPU.Build.0 = Release|Any CPU
	EndGlobalSection
	GlobalSection(SolutionProperties) = preSolution
		HideSolutionNode = FALSE
	EndGlobalSection
	GlobalSection(ExtensibilityGlobals) = postSolution
		SolutionGuid = {E33AC678-DC09-4BE5-9BC3-7CC1965018D2}
	EndGlobalSection
EndGlobal
